
Microsoft Visual Studio Solution File, Format Version 12.00
# Visual Studio Version 17
VisualStudioVersion = 17.8.34316.72
MinimumVisualStudioVersion = 10.0.40219.1
Project("{9A19103F-16F7-4668-BE54-9A1E7A4F7556}") = "Launch", "Launch\Launch.csproj", "{4AC892C6-0452-4D7E-9AAA-B83FAA91E6ED}"
EndProject
Project("{9A19103F-16F7-4668-BE54-9A1E7A4F7556}") = "Model", "Model\Model.csproj", "{796C494D-AED0-4C95-806A-F0BA767AEECF}"
EndProject
Project("{FAE04EC0-301F-11D3-BF4B-00C04F79EFBC}") = "Test", "Test\Test.csproj", "{C079A3C5-14F4-403B-9A17-1CD9AF886113}"
EndProject
Global
	GlobalSection(SolutionConfigurationPlatforms) = preSolution
		Debug|Any CPU = Debug|Any CPU
		Release|Any CPU = Release|Any CPU
	EndGlobalSection
	GlobalSection(ProjectConfigurationPlatforms) = postSolution
		{4AC892C6-0452-4D7E-9AAA-B83FAA91E6ED}.Debug|Any CPU.ActiveCfg = Debug|Any CPU
		{4AC892C6-0452-4D7E-9AAA-B83FAA91E6ED}.Debug|Any CPU.Build.0 = Debug|Any CPU
		{4AC892C6-0452-4D7E-9AAA-B83FAA91E6ED}.Release|Any CPU.ActiveCfg = Release|Any CPU
		{4AC892C6-0452-4D7E-9AAA-B83FAA91E6ED}.Release|Any CPU.Build.0 = Release|Any CPU
		{796C494D-AED0-4C95-806A-F0BA767AEECF}.Debug|Any CPU.ActiveCfg = Debug|Any CPU
		{796C494D-AED0-4C95-806A-F0BA767AEECF}.Debug|Any CPU.Build.0 = Debug|Any CPU
		{796C494D-AED0-4C95-806A-F0BA767AEECF}.Release|Any CPU.ActiveCfg = Release|Any CPU
		{796C494D-AED0-4C95-806A-F0BA767AEECF}.Release|Any CPU.Build.0 = Release|Any CPU
		{C079A3C5-14F4-403B-9A17-1CD9AF886113}.Debug|Any CPU.ActiveCfg = Debug|Any CPU
		{C079A3C5-14F4-403B-9A17-1CD9AF886113}.Debug|Any CPU.Build.0 = Debug|Any CPU
		{C079A3C5-14F4-403B-9A17-1CD9AF886113}.Release|Any CPU.ActiveCfg = Release|Any CPU
		{C079A3C5-14F4-403B-9A17-1CD9AF886113}.Release|Any CPU.Build.0 = Release|Any CPU
	EndGlobalSection
	GlobalSection(SolutionProperties) = preSolution
		HideSolutionNode = FALSE
	EndGlobalSection
	GlobalSection(ExtensibilityGlobals) = postSolution
		SolutionGuid = {F66454E8-6ADB-426B-BD36-A709AF552455}
	EndGlobalSection
EndGlobal
